
Microsoft Visual Studio Solution File, Format Version 12.00
# Visual Studio Version 17
VisualStudioVersion = 17.12.35527.113
MinimumVisualStudioVersion = 10.0.40219.1
Project("{9A19103F-16F7-4668-BE54-9A1E7A4F7556}") = "SistemaGestion", "SistemaGestion.csproj", "{48109239-FD47-4857-81B6-AB1B9909A485}"
EndProject
Project("{2150E333-8FDC-42A3-9474-1A3956D46DE8}") = "Elementos de la solución", "Elementos de la solución", "{4690294D-4028-4D29-9FDF-DD3BB63E4110}"
	ProjectSection(SolutionItems) = preProject
		.gitignore = .gitignore
		README.md = README.md
	EndProjectSection
EndProject
Global
	GlobalSection(SolutionConfigurationPlatforms) = preSolution
		Debug|Any CPU = Debug|Any CPU
		Release|Any CPU = Release|Any CPU
	EndGlobalSection
	GlobalSection(ProjectConfigurationPlatforms) = postSolution
		{48109239-FD47-4857-81B6-AB1B9909A485}.Debug|Any CPU.ActiveCfg = Debug|Any CPU
		{48109239-FD47-4857-81B6-AB1B9909A485}.Debug|Any CPU.Build.0 = Debug|Any CPU
		{48109239-FD47-4857-81B6-AB1B9909A485}.Release|Any CPU.ActiveCfg = Release|Any CPU
		{48109239-FD47-4857-81B6-AB1B9909A485}.Release|Any CPU.Build.0 = Release|Any CPU
	EndGlobalSection
	GlobalSection(SolutionProperties) = preSolution
		HideSolutionNode = FALSE
	EndGlobalSection
EndGlobal
